
Microsoft Visual Studio Solution File, Format Version 12.00
# Visual Studio 15
VisualStudioVersion = 15.0.28010.0
MinimumVisualStudioVersion = 10.0.40219.1
Project("{8BC9CEB8-8B4A-11D0-8D11-00A0C91BC942}") = "Vector", "Vector\Vector.vcxproj", "{4115D4BB-9D01-4D2F-B1D0-BE0F69394E51}"
EndProject
Global
	GlobalSection(SolutionConfigurationPlatforms) = preSolution
		Debug|x64 = Debug|x64
		Debug|x86 = Debug|x86
		Release|x64 = Release|x64
		Release|x86 = Release|x86
	EndGlobalSection
	GlobalSection(ProjectConfigurationPlatforms) = postSolution
		{4115D4BB-9D01-4D2F-B1D0-BE0F69394E51}.Debug|x64.ActiveCfg = Debug|x64
		{4115D4BB-9D01-4D2F-B1D0-BE0F69394E51}.Debug|x64.Build.0 = Debug|x64
		{4115D4BB-9D01-4D2F-B1D0-BE0F69394E51}.Debug|x86.ActiveCfg = Debug|Win32
		{4115D4BB-9D01-4D2F-B1D0-BE0F69394E51}.Debug|x86.Build.0 = Debug|Win32
		{4115D4BB-9D01-4D2F-B1D0-BE0F69394E51}.Release|x64.ActiveCfg = Release|x64
		{4115D4BB-9D01-4D2F-B1D0-BE0F69394E51}.Release|x64.Build.0 = Release|x64
		{4115D4BB-9D01-4D2F-B1D0-BE0F69394E51}.Release|x86.ActiveCfg = Release|Win32
		{4115D4BB-9D01-4D2F-B1D0-BE0F69394E51}.Release|x86.Build.0 = Release|Win32
	EndGlobalSection
	GlobalSection(SolutionProperties) = preSolution
		HideSolutionNode = FALSE
	EndGlobalSection
	GlobalSection(ExtensibilityGlobals) = postSolution
		SolutionGuid = {DA16E2B9-5739-4B15-876F-8540E1207D66}
	EndGlobalSection
EndGlobal
